
Microsoft Visual Studio Solution File, Format Version 12.00
# Visual Studio Version 17
VisualStudioVersion = 17.3.32922.545
MinimumVisualStudioVersion = 10.0.40219.1
Project("{9A19103F-16F7-4668-BE54-9A1E7A4F7556}") = "MyPokeAPI", "MyPokeAPI\MyPokeAPI.csproj", "{32E03A8F-C988-4B54-9F4D-E49B5A553DD4}"
EndProject
Global
	GlobalSection(SolutionConfigurationPlatforms) = preSolution
		Debug|Any CPU = Debug|Any CPU
		Release|Any CPU = Release|Any CPU
	EndGlobalSection
	GlobalSection(ProjectConfigurationPlatforms) = postSolution
		{32E03A8F-C988-4B54-9F4D-E49B5A553DD4}.Debug|Any CPU.ActiveCfg = Debug|Any CPU
		{32E03A8F-C988-4B54-9F4D-E49B5A553DD4}.Debug|Any CPU.Build.0 = Debug|Any CPU
		{32E03A8F-C988-4B54-9F4D-E49B5A553DD4}.Release|Any CPU.ActiveCfg = Release|Any CPU
		{32E03A8F-C988-4B54-9F4D-E49B5A553DD4}.Release|Any CPU.Build.0 = Release|Any CPU
	EndGlobalSection
	GlobalSection(SolutionProperties) = preSolution
		HideSolutionNode = FALSE
	EndGlobalSection
	GlobalSection(ExtensibilityGlobals) = postSolution
		SolutionGuid = {1B98BB07-ECE3-4937-A5E8-3A403CA7B55F}
	EndGlobalSection
EndGlobal
